
Microsoft Visual Studio Solution File, Format Version 12.00
# Visual Studio Version 17
VisualStudioVersion = 17.8.34330.188
MinimumVisualStudioVersion = 10.0.40219.1
Project("{2150E333-8FDC-42A3-9474-1A3956D46DE8}") = "src", "src", "{06114A14-931E-4C6B-A4C3-DC788BAC42A2}"
EndProject
Project("{9A19103F-16F7-4668-BE54-9A1E7A4F7556}") = "ToggleOn.Api", "src\ToggleOn.Api\ToggleOn.Api.csproj", "{76493D30-56F2-4AFE-97EF-924DC6746F42}"
EndProject
Project("{9A19103F-16F7-4668-BE54-9A1E7A4F7556}") = "ToggleOn.Abstractions", "src\ToggleOn.Abstractions\ToggleOn.Abstractions.csproj", "{7E54A761-5569-4712-BA84-57A694DED76B}"
EndProject
Project("{9A19103F-16F7-4668-BE54-9A1E7A4F7556}") = "ToggleOn.Query.Client", "src\ToggleOn.Query.Client\ToggleOn.Query.Client.csproj", "{062B3EC7-BD93-46AF-A22B-52A127719B9A}"
EndProject
Project("{9A19103F-16F7-4668-BE54-9A1E7A4F7556}") = "ToggleOn.MassTransit", "src\ToggleOn.MassTransit\ToggleOn.MassTransit.csproj", "{A3CF137D-4925-4DD3-B700-9BAC0B209BC8}"
EndProject
Project("{9A19103F-16F7-4668-BE54-9A1E7A4F7556}") = "ToggleOn.Core", "src\ToggleOn.Core\ToggleOn.Core.csproj", "{5B6F5683-3380-48CB-9C4F-3CFBB190FF35}"
EndProject
Project("{9A19103F-16F7-4668-BE54-9A1E7A4F7556}") = "ToggleOn.Query.Contract", "src\ToggleOn.Query.Contract\ToggleOn.Query.Contract.csproj", "{A82F0E7F-6033-4EB7-A954-D5681C2735BC}"
EndProject
Project("{9A19103F-16F7-4668-BE54-9A1E7A4F7556}") = "ToggleOn.Command.Client", "src\ToggleOn.Command.Client\ToggleOn.Command.Client.csproj", "{EE8B69C0-8746-47B7-A8DE-05CCE95E40BF}"
EndProject
Project("{9A19103F-16F7-4668-BE54-9A1E7A4F7556}") = "ToggleOn.Command.Contract", "src\ToggleOn.Command.Contract\ToggleOn.Command.Contract.csproj", "{664C2986-C808-45E4-9A9A-382BDA8DFA5D}"
EndProject
Project("{9A19103F-16F7-4668-BE54-9A1E7A4F7556}") = "ToggleOn.Admin.Web.Tests", "src\ToggleOn.Admin.Web.Test\ToggleOn.Admin.Web.Tests.csproj", "{CBD84590-7D84-4FBE-B2BC-BCB729D9196C}"
EndProject
Project("{9A19103F-16F7-4668-BE54-9A1E7A4F7556}") = "ToggleOn.EntityFrameworkCore.SqlServer", "src\ToggleOn.EntityFrameworkCore.SqlServer\ToggleOn.EntityFrameworkCore.SqlServer.csproj", "{078FE6FA-2C55-4274-A5E1-9504BB448F5B}"
EndProject
Project("{9A19103F-16F7-4668-BE54-9A1E7A4F7556}") = "ToggleOn.Domain", "src\ToggleOn.Domain\ToggleOn.Domain.csproj", "{FFCC17FB-01D3-4B46-979E-F7F8D68A7DAF}"
EndProject
Project("{2150E333-8FDC-42A3-9474-1A3956D46DE8}") = "Solution Items", "Solution Items", "{F7C546DF-133D-4F38-BCD6-BC730892B9B8}"
	ProjectSection(SolutionItems) = preProject
		.editorconfig = .editorconfig
	EndProjectSection
EndProject
Project("{9A19103F-16F7-4668-BE54-9A1E7A4F7556}") = "ToggleOn.Admin.Web", "src\ToggleOn.Admin.Web\ToggleOn.Admin.Web.csproj", "{183F5F0B-6CEA-437C-9261-90B9CBABCC9D}"
EndProject
Project("{2150E333-8FDC-42A3-9474-1A3956D46DE8}") = "samples", "samples", "{79FB65FA-BEB4-4784-8345-25267FC60D03}"
EndProject
Project("{9A19103F-16F7-4668-BE54-9A1E7A4F7556}") = "ToggleOn.Messaging.Contract", "src\ToggleOn.Messaging.Contract\ToggleOn.Messaging.Contract.csproj", "{0452E58A-4CA6-442D-A6D0-2EBA0A02BE00}"
EndProject
Project("{9A19103F-16F7-4668-BE54-9A1E7A4F7556}") = "ToggleOn.Data.Abstractions", "src\ToggleOn.Data.Abstractions\ToggleOn.Data.Abstractions.csproj", "{AEE60484-F94F-4715-81F6-303E30BFCC4E}"
EndProject
Project("{9A19103F-16F7-4668-BE54-9A1E7A4F7556}") = "ToggleOn.Http", "src\ToggleOn.Http\ToggleOn.Http.csproj", "{44D35E43-A247-4E2D-996D-71BB4237621C}"
EndProject
Project("{9A19103F-16F7-4668-BE54-9A1E7A4F7556}") = "ToggleOn.Functions", "src\ToggleOn.Functions\ToggleOn.Functions.csproj", "{23886220-2E09-491C-AF04-80AB7A9B2DD7}"
EndProject
Project("{9A19103F-16F7-4668-BE54-9A1E7A4F7556}") = "ToggleOn.Contract", "src\ToggleOn.Contract\ToggleOn.Contract.csproj", "{971FD511-B98C-4E7C-B3A3-6A9B68DA4563}"
EndProject
Project("{9A19103F-16F7-4668-BE54-9A1E7A4F7556}") = "ToggleOn.Client.Contract", "src\ToggleOn.Client.Contract\ToggleOn.Client.Contract.csproj", "{6BDAB596-7163-4249-90A1-CF9EAF0C56B3}"
EndProject
Project("{9A19103F-16F7-4668-BE54-9A1E7A4F7556}") = "WebApplication1", "samples\WebApplication1\WebApplication1.csproj", "{670B5347-DEBE-442D-8447-5E0D6D983974}"
EndProject
Project("{9A19103F-16F7-4668-BE54-9A1E7A4F7556}") = "ToggleOn.AspNetCore.SignalR.Client", "src\ToggleOn.AspNetCore.SignalR.Client\ToggleOn.AspNetCore.SignalR.Client.csproj", "{EDF4688E-8258-451C-8280-7973D3D006A8}"
EndProject
Project("{9A19103F-16F7-4668-BE54-9A1E7A4F7556}") = "ToggleOn.Client.Abstractions", "src\ToggleOn.Client.Abstractions\ToggleOn.Client.Abstractions.csproj", "{ACBF1A12-170E-4216-9400-EDD70252D6FD}"
EndProject
Project("{FAE04EC0-301F-11D3-BF4B-00C04F79EFBC}") = "ToggleOn.Client.Core", "src\ToggleOn.Client.Core\ToggleOn.Client.Core.csproj", "{39F7CCFC-2FE9-4937-852A-8161F9E23FE2}"
EndProject
Global
	GlobalSection(SolutionConfigurationPlatforms) = preSolution
		Debug|Any CPU = Debug|Any CPU
		Release|Any CPU = Release|Any CPU
	EndGlobalSection
	GlobalSection(ProjectConfigurationPlatforms) = postSolution
		{76493D30-56F2-4AFE-97EF-924DC6746F42}.Debug|Any CPU.ActiveCfg = Debug|Any CPU
		{76493D30-56F2-4AFE-97EF-924DC6746F42}.Debug|Any CPU.Build.0 = Debug|Any CPU
		{76493D30-56F2-4AFE-97EF-924DC6746F42}.Release|Any CPU.ActiveCfg = Release|Any CPU
		{76493D30-56F2-4AFE-97EF-924DC6746F42}.Release|Any CPU.Build.0 = Release|Any CPU
		{7E54A761-5569-4712-BA84-57A694DED76B}.Debug|Any CPU.ActiveCfg = Debug|Any CPU
		{7E54A761-5569-4712-BA84-57A694DED76B}.Debug|Any CPU.Build.0 = Debug|Any CPU
		{7E54A761-5569-4712-BA84-57A694DED76B}.Release|Any CPU.ActiveCfg = Release|Any CPU
		{7E54A761-5569-4712-BA84-57A694DED76B}.Release|Any CPU.Build.0 = Release|Any CPU
		{062B3EC7-BD93-46AF-A22B-52A127719B9A}.Debug|Any CPU.ActiveCfg = Debug|Any CPU
		{062B3EC7-BD93-46AF-A22B-52A127719B9A}.Debug|Any CPU.Build.0 = Debug|Any CPU
		{062B3EC7-BD93-46AF-A22B-52A127719B9A}.Release|Any CPU.ActiveCfg = Release|Any CPU
		{062B3EC7-BD93-46AF-A22B-52A127719B9A}.Release|Any CPU.Build.0 = Release|Any CPU
		{A3CF137D-4925-4DD3-B700-9BAC0B209BC8}.Debug|Any CPU.ActiveCfg = Debug|Any CPU
		{A3CF137D-4925-4DD3-B700-9BAC0B209BC8}.Debug|Any CPU.Build.0 = Debug|Any CPU
		{A3CF137D-4925-4DD3-B700-9BAC0B209BC8}.Release|Any CPU.ActiveCfg = Release|Any CPU
		{A3CF137D-4925-4DD3-B700-9BAC0B209BC8}.Release|Any CPU.Build.0 = Release|Any CPU
		{5B6F5683-3380-48CB-9C4F-3CFBB190FF35}.Debug|Any CPU.ActiveCfg = Debug|Any CPU
		{5B6F5683-3380-48CB-9C4F-3CFBB190FF35}.Debug|Any CPU.Build.0 = Debug|Any CPU
		{5B6F5683-3380-48CB-9C4F-3CFBB190FF35}.Release|Any CPU.ActiveCfg = Release|Any CPU
		{5B6F5683-3380-48CB-9C4F-3CFBB190FF35}.Release|Any CPU.Build.0 = Release|Any CPU
		{A82F0E7F-6033-4EB7-A954-D5681C2735BC}.Debug|Any CPU.ActiveCfg = Debug|Any CPU
		{A82F0E7F-6033-4EB7-A954-D5681C2735BC}.Debug|Any CPU.Build.0 = Debug|Any CPU
		{A82F0E7F-6033-4EB7-A954-D5681C2735BC}.Release|Any CPU.ActiveCfg = Release|Any CPU
		{A82F0E7F-6033-4EB7-A954-D5681C2735BC}.Release|Any CPU.Build.0 = Release|Any CPU
		{EE8B69C0-8746-47B7-A8DE-05CCE95E40BF}.Debug|Any CPU.ActiveCfg = Debug|Any CPU
		{EE8B69C0-8746-47B7-A8DE-05CCE95E40BF}.Debug|Any CPU.Build.0 = Debug|Any CPU
		{EE8B69C0-8746-47B7-A8DE-05CCE95E40BF}.Release|Any CPU.ActiveCfg = Release|Any CPU
		{EE8B69C0-8746-47B7-A8DE-05CCE95E40BF}.Release|Any CPU.Build.0 = Release|Any CPU
		{664C2986-C808-45E4-9A9A-382BDA8DFA5D}.Debug|Any CPU.ActiveCfg = Debug|Any CPU
		{664C2986-C808-45E4-9A9A-382BDA8DFA5D}.Debug|Any CPU.Build.0 = Debug|Any CPU
		{664C2986-C808-45E4-9A9A-382BDA8DFA5D}.Release|Any CPU.ActiveCfg = Release|Any CPU
		{664C2986-C808-45E4-9A9A-382BDA8DFA5D}.Release|Any CPU.Build.0 = Release|Any CPU
		{CBD84590-7D84-4FBE-B2BC-BCB729D9196C}.Debug|Any CPU.ActiveCfg = Debug|Any CPU
		{CBD84590-7D84-4FBE-B2BC-BCB729D9196C}.Debug|Any CPU.Build.0 = Debug|Any CPU
		{CBD84590-7D84-4FBE-B2BC-BCB729D9196C}.Release|Any CPU.ActiveCfg = Release|Any CPU
		{CBD84590-7D84-4FBE-B2BC-BCB729D9196C}.Release|Any CPU.Build.0 = Release|Any CPU
		{078FE6FA-2C55-4274-A5E1-9504BB448F5B}.Debug|Any CPU.ActiveCfg = Debug|Any CPU
		{078FE6FA-2C55-4274-A5E1-9504BB448F5B}.Debug|Any CPU.Build.0 = Debug|Any CPU
		{078FE6FA-2C55-4274-A5E1-9504BB448F5B}.Release|Any CPU.ActiveCfg = Release|Any CPU
		{078FE6FA-2C55-4274-A5E1-9504BB448F5B}.Release|Any CPU.Build.0 = Release|Any CPU
		{FFCC17FB-01D3-4B46-979E-F7F8D68A7DAF}.Debug|Any CPU.ActiveCfg = Debug|Any CPU
		{FFCC17FB-01D3-4B46-979E-F7F8D68A7DAF}.Debug|Any CPU.Build.0 = Debug|Any CPU
		{FFCC17FB-01D3-4B46-979E-F7F8D68A7DAF}.Release|Any CPU.ActiveCfg = Release|Any CPU
		{FFCC17FB-01D3-4B46-979E-F7F8D68A7DAF}.Release|Any CPU.Build.0 = Release|Any CPU
		{183F5F0B-6CEA-437C-9261-90B9CBABCC9D}.Debug|Any CPU.ActiveCfg = Debug|Any CPU
		{183F5F0B-6CEA-437C-9261-90B9CBABCC9D}.Debug|Any CPU.Build.0 = Debug|Any CPU
		{183F5F0B-6CEA-437C-9261-90B9CBABCC9D}.Release|Any CPU.ActiveCfg = Release|Any CPU
		{183F5F0B-6CEA-437C-9261-90B9CBABCC9D}.Release|Any CPU.Build.0 = Release|Any CPU
		{0452E58A-4CA6-442D-A6D0-2EBA0A02BE00}.Debug|Any CPU.ActiveCfg = Debug|Any CPU
		{0452E58A-4CA6-442D-A6D0-2EBA0A02BE00}.Debug|Any CPU.Build.0 = Debug|Any CPU
		{0452E58A-4CA6-442D-A6D0-2EBA0A02BE00}.Release|Any CPU.ActiveCfg = Release|Any CPU
		{0452E58A-4CA6-442D-A6D0-2EBA0A02BE00}.Release|Any CPU.Build.0 = Release|Any CPU
		{AEE60484-F94F-4715-81F6-303E30BFCC4E}.Debug|Any CPU.ActiveCfg = Debug|Any CPU
		{AEE60484-F94F-4715-81F6-303E30BFCC4E}.Debug|Any CPU.Build.0 = Debug|Any CPU
		{AEE60484-F94F-4715-81F6-303E30BFCC4E}.Release|Any CPU.ActiveCfg = Release|Any CPU
		{AEE60484-F94F-4715-81F6-303E30BFCC4E}.Release|Any CPU.Build.0 = Release|Any CPU
		{44D35E43-A247-4E2D-996D-71BB4237621C}.Debug|Any CPU.ActiveCfg = Debug|Any CPU
		{44D35E43-A247-4E2D-996D-71BB4237621C}.Debug|Any CPU.Build.0 = Debug|Any CPU
		{44D35E43-A247-4E2D-996D-71BB4237621C}.Release|Any CPU.ActiveCfg = Release|Any CPU
		{44D35E43-A247-4E2D-996D-71BB4237621C}.Release|Any CPU.Build.0 = Release|Any CPU
		{23886220-2E09-491C-AF04-80AB7A9B2DD7}.Debug|Any CPU.ActiveCfg = Debug|Any CPU
		{23886220-2E09-491C-AF04-80AB7A9B2DD7}.Debug|Any CPU.Build.0 = Debug|Any CPU
		{23886220-2E09-491C-AF04-80AB7A9B2DD7}.Release|Any CPU.ActiveCfg = Release|Any CPU
		{23886220-2E09-491C-AF04-80AB7A9B2DD7}.Release|Any CPU.Build.0 = Release|Any CPU
		{971FD511-B98C-4E7C-B3A3-6A9B68DA4563}.Debug|Any CPU.ActiveCfg = Debug|Any CPU
		{971FD511-B98C-4E7C-B3A3-6A9B68DA4563}.Debug|Any CPU.Build.0 = Debug|Any CPU
		{971FD511-B98C-4E7C-B3A3-6A9B68DA4563}.Release|Any CPU.ActiveCfg = Release|Any CPU
		{971FD511-B98C-4E7C-B3A3-6A9B68DA4563}.Release|Any CPU.Build.0 = Release|Any CPU
		{6BDAB596-7163-4249-90A1-CF9EAF0C56B3}.Debug|Any CPU.ActiveCfg = Debug|Any CPU
		{6BDAB596-7163-4249-90A1-CF9EAF0C56B3}.Debug|Any CPU.Build.0 = Debug|Any CPU
		{6BDAB596-7163-4249-90A1-CF9EAF0C56B3}.Release|Any CPU.ActiveCfg = Release|Any CPU
		{6BDAB596-7163-4249-90A1-CF9EAF0C56B3}.Release|Any CPU.Build.0 = Release|Any CPU
		{670B5347-DEBE-442D-8447-5E0D6D983974}.Debug|Any CPU.ActiveCfg = Debug|Any CPU
		{670B5347-DEBE-442D-8447-5E0D6D983974}.Debug|Any CPU.Build.0 = Debug|Any CPU
		{670B5347-DEBE-442D-8447-5E0D6D983974}.Release|Any CPU.ActiveCfg = Release|Any CPU
		{670B5347-DEBE-442D-8447-5E0D6D983974}.Release|Any CPU.Build.0 = Release|Any CPU
		{EDF4688E-8258-451C-8280-7973D3D006A8}.Debug|Any CPU.ActiveCfg = Debug|Any CPU
		{EDF4688E-8258-451C-8280-7973D3D006A8}.Debug|Any CPU.Build.0 = Debug|Any CPU
		{EDF4688E-8258-451C-8280-7973D3D006A8}.Release|Any CPU.ActiveCfg = Release|Any CPU
		{EDF4688E-8258-451C-8280-7973D3D006A8}.Release|Any CPU.Build.0 = Release|Any CPU
		{ACBF1A12-170E-4216-9400-EDD70252D6FD}.Debug|Any CPU.ActiveCfg = Debug|Any CPU
		{ACBF1A12-170E-4216-9400-EDD70252D6FD}.Debug|Any CPU.Build.0 = Debug|Any CPU
		{ACBF1A12-170E-4216-9400-EDD70252D6FD}.Release|Any CPU.ActiveCfg = Release|Any CPU
		{ACBF1A12-170E-4216-9400-EDD70252D6FD}.Release|Any CPU.Build.0 = Release|Any CPU
		{39F7CCFC-2FE9-4937-852A-8161F9E23FE2}.Debug|Any CPU.ActiveCfg = Debug|Any CPU
		{39F7CCFC-2FE9-4937-852A-8161F9E23FE2}.Debug|Any CPU.Build.0 = Debug|Any CPU
		{39F7CCFC-2FE9-4937-852A-8161F9E23FE2}.Release|Any CPU.ActiveCfg = Release|Any CPU
		{39F7CCFC-2FE9-4937-852A-8161F9E23FE2}.Release|Any CPU.Build.0 = Release|Any CPU
	EndGlobalSection
	GlobalSection(SolutionProperties) = preSolution
		HideSolutionNode = FALSE
	EndGlobalSection
	GlobalSection(NestedProjects) = preSolution
		{76493D30-56F2-4AFE-97EF-924DC6746F42} = {06114A14-931E-4C6B-A4C3-DC788BAC42A2}
		{7E54A761-5569-4712-BA84-57A694DED76B} = {06114A14-931E-4C6B-A4C3-DC788BAC42A2}
		{062B3EC7-BD93-46AF-A22B-52A127719B9A} = {06114A14-931E-4C6B-A4C3-DC788BAC42A2}
		{A3CF137D-4925-4DD3-B700-9BAC0B209BC8} = {06114A14-931E-4C6B-A4C3-DC788BAC42A2}
		{5B6F5683-3380-48CB-9C4F-3CFBB190FF35} = {06114A14-931E-4C6B-A4C3-DC788BAC42A2}
		{A82F0E7F-6033-4EB7-A954-D5681C2735BC} = {06114A14-931E-4C6B-A4C3-DC788BAC42A2}
		{EE8B69C0-8746-47B7-A8DE-05CCE95E40BF} = {06114A14-931E-4C6B-A4C3-DC788BAC42A2}
		{664C2986-C808-45E4-9A9A-382BDA8DFA5D} = {06114A14-931E-4C6B-A4C3-DC788BAC42A2}
		{CBD84590-7D84-4FBE-B2BC-BCB729D9196C} = {06114A14-931E-4C6B-A4C3-DC788BAC42A2}
		{078FE6FA-2C55-4274-A5E1-9504BB448F5B} = {06114A14-931E-4C6B-A4C3-DC788BAC42A2}
		{FFCC17FB-01D3-4B46-979E-F7F8D68A7DAF} = {06114A14-931E-4C6B-A4C3-DC788BAC42A2}
		{183F5F0B-6CEA-437C-9261-90B9CBABCC9D} = {06114A14-931E-4C6B-A4C3-DC788BAC42A2}
		{0452E58A-4CA6-442D-A6D0-2EBA0A02BE00} = {06114A14-931E-4C6B-A4C3-DC788BAC42A2}
		{AEE60484-F94F-4715-81F6-303E30BFCC4E} = {06114A14-931E-4C6B-A4C3-DC788BAC42A2}
		{44D35E43-A247-4E2D-996D-71BB4237621C} = {06114A14-931E-4C6B-A4C3-DC788BAC42A2}
		{23886220-2E09-491C-AF04-80AB7A9B2DD7} = {06114A14-931E-4C6B-A4C3-DC788BAC42A2}
		{971FD511-B98C-4E7C-B3A3-6A9B68DA4563} = {06114A14-931E-4C6B-A4C3-DC788BAC42A2}
		{6BDAB596-7163-4249-90A1-CF9EAF0C56B3} = {06114A14-931E-4C6B-A4C3-DC788BAC42A2}
		{670B5347-DEBE-442D-8447-5E0D6D983974} = {79FB65FA-BEB4-4784-8345-25267FC60D03}
		{EDF4688E-8258-451C-8280-7973D3D006A8} = {06114A14-931E-4C6B-A4C3-DC788BAC42A2}
		{ACBF1A12-170E-4216-9400-EDD70252D6FD} = {06114A14-931E-4C6B-A4C3-DC788BAC42A2}
		{39F7CCFC-2FE9-4937-852A-8161F9E23FE2} = {06114A14-931E-4C6B-A4C3-DC788BAC42A2}
	EndGlobalSection
	GlobalSection(ExtensibilityGlobals) = postSolution
		SolutionGuid = {FB60F668-7170-4347-BBF5-108CB8EB7448}
	EndGlobalSection
EndGlobal
